
Microsoft Visual Studio Solution File, Format Version 12.00
# Visual Studio Version 16
VisualStudioVersion = 16.0.31005.135
MinimumVisualStudioVersion = 10.0.40219.1
Project("{FAE04EC0-301F-11D3-BF4B-00C04F79EFBC}") = "Hangman", "unitTest\Hangman.csproj", "{90D336B9-2B78-46DC-A644-34E85B3B9B00}"
EndProject
Project("{FAE04EC0-301F-11D3-BF4B-00C04F79EFBC}") = "NUnitTestProject1", "NUnitTestProject1\NUnitTestProject1.csproj", "{31E83DAE-9CB0-4B4D-9B48-6121FA4DB2F9}"
EndProject
Global
	GlobalSection(SolutionConfigurationPlatforms) = preSolution
		Debug|Any CPU = Debug|Any CPU
		Release|Any CPU = Release|Any CPU
	EndGlobalSection
	GlobalSection(ProjectConfigurationPlatforms) = postSolution
		{90D336B9-2B78-46DC-A644-34E85B3B9B00}.Debug|Any CPU.ActiveCfg = Debug|Any CPU
		{90D336B9-2B78-46DC-A644-34E85B3B9B00}.Debug|Any CPU.Build.0 = Debug|Any CPU
		{90D336B9-2B78-46DC-A644-34E85B3B9B00}.Release|Any CPU.ActiveCfg = Release|Any CPU
		{90D336B9-2B78-46DC-A644-34E85B3B9B00}.Release|Any CPU.Build.0 = Release|Any CPU
		{31E83DAE-9CB0-4B4D-9B48-6121FA4DB2F9}.Debug|Any CPU.ActiveCfg = Debug|Any CPU
		{31E83DAE-9CB0-4B4D-9B48-6121FA4DB2F9}.Debug|Any CPU.Build.0 = Debug|Any CPU
		{31E83DAE-9CB0-4B4D-9B48-6121FA4DB2F9}.Release|Any CPU.ActiveCfg = Release|Any CPU
		{31E83DAE-9CB0-4B4D-9B48-6121FA4DB2F9}.Release|Any CPU.Build.0 = Release|Any CPU
	EndGlobalSection
	GlobalSection(SolutionProperties) = preSolution
		HideSolutionNode = FALSE
	EndGlobalSection
	GlobalSection(ExtensibilityGlobals) = postSolution
		SolutionGuid = {CB6C0086-98DE-46D2-B67A-4B6D66348392}
	EndGlobalSection
EndGlobal
